
Microsoft Visual Studio Solution File, Format Version 12.00
# Visual Studio Version 16
VisualStudioVersion = 16.0.30611.23
MinimumVisualStudioVersion = 10.0.40219.1
Project("{FAE04EC0-301F-11D3-BF4B-00C04F79EFBC}") = "myshrapapp1", "myshrapapp1.csproj", "{D0FC5374-F420-4967-AC9E-DCA82047C9E5}"
EndProject
Global
	GlobalSection(SolutionConfigurationPlatforms) = preSolution
		Debug|Any CPU = Debug|Any CPU
		Release|Any CPU = Release|Any CPU
	EndGlobalSection
	GlobalSection(ProjectConfigurationPlatforms) = postSolution
		{D0FC5374-F420-4967-AC9E-DCA82047C9E5}.Debug|Any CPU.ActiveCfg = Debug|Any CPU
		{D0FC5374-F420-4967-AC9E-DCA82047C9E5}.Debug|Any CPU.Build.0 = Debug|Any CPU
		{D0FC5374-F420-4967-AC9E-DCA82047C9E5}.Release|Any CPU.ActiveCfg = Release|Any CPU
		{D0FC5374-F420-4967-AC9E-DCA82047C9E5}.Release|Any CPU.Build.0 = Release|Any CPU
	EndGlobalSection
	GlobalSection(SolutionProperties) = preSolution
		HideSolutionNode = FALSE
	EndGlobalSection
	GlobalSection(ExtensibilityGlobals) = postSolution
		SolutionGuid = {D352E08D-7625-4B51-AAAC-74A22FC07125}
	EndGlobalSection
EndGlobal
